
Microsoft Visual Studio Solution File, Format Version 12.00
# Visual Studio Version 17
VisualStudioVersion = 17.11.35327.3
MinimumVisualStudioVersion = 10.0.40219.1
Project("{FAE04EC0-301F-11D3-BF4B-00C04F79EFBC}") = "WarehouseManagementApp", "WarehouseManagementApp\WarehouseManagementApp.csproj", "{3F4023AE-FA72-4FA2-8293-CAFDD7E0E203}"
EndProject
Global
	GlobalSection(SolutionConfigurationPlatforms) = preSolution
		Debug|Any CPU = Debug|Any CPU
		Release|Any CPU = Release|Any CPU
	EndGlobalSection
	GlobalSection(ProjectConfigurationPlatforms) = postSolution
		{3F4023AE-FA72-4FA2-8293-CAFDD7E0E203}.Debug|Any CPU.ActiveCfg = Debug|Any CPU
		{3F4023AE-FA72-4FA2-8293-CAFDD7E0E203}.Debug|Any CPU.Build.0 = Debug|Any CPU
		{3F4023AE-FA72-4FA2-8293-CAFDD7E0E203}.Release|Any CPU.ActiveCfg = Release|Any CPU
		{3F4023AE-FA72-4FA2-8293-CAFDD7E0E203}.Release|Any CPU.Build.0 = Release|Any CPU
	EndGlobalSection
	GlobalSection(SolutionProperties) = preSolution
		HideSolutionNode = FALSE
	EndGlobalSection
	GlobalSection(ExtensibilityGlobals) = postSolution
		SolutionGuid = {6F691F8D-3D93-4AB7-A82D-61DF3F7C2828}
	EndGlobalSection
EndGlobal
